// !$*UTF8*$!
{
	archiveVersion = 1;
	classes = {
	};
	objectVersion = 46;
	objects = {

/* Begin PBXBuildFile section */
		9DF8204C1B135B5000CCF565 /* main.m in Sources */ = {isa = PBXBuildFile; fileRef = 9DF8204B1B135B5000CCF565 /* main.m */; };
		9DF8204F1B135B5000CCF565 /* AppDelegate.m in Sources */ = {isa = PBXBuildFile; fileRef = 9DF8204E1B135B5000CCF565 /* AppDelegate.m */; };
		9DF820521B135B5000CCF565 /* ViewController.m in Sources */ = {isa = PBXBuildFile; fileRef = 9DF820511B135B5000CCF565 /* ViewController.m */; };
		9DF820551B135B5000CCF565 /* Main.storyboard in Resources */ = {isa = PBXBuildFile; fileRef = 9DF820531B135B5000CCF565 /* Main.storyboard */; };
		9DF820571B135B5000CCF565 /* Images.xcassets in Resources */ = {isa = PBXBuildFile; fileRef = 9DF820561B135B5000CCF565 /* Images.xcassets */; };
		9DF8205A1B135B5000CCF565 /* LaunchScreen.xib in Resources */ = {isa = PBXBuildFile; fileRef = 9DF820581B135B5000CCF565 /* LaunchScreen.xib */; };
		9DF820661B135B5000CCF565 /* tabTableViewTests.m in Sources */ = {isa = PBXBuildFile; fileRef = 9DF820651B135B5000CCF565 /* tabTableViewTests.m */; };
		9DF820711B135B7400CCF565 /* UIView+AutoLayout.m in Sources */ = {isa = PBXBuildFile; fileRef = 9DF820701B135B7400CCF565 /* UIView+AutoLayout.m */; };
/* End PBXBuildFile section */

/* Begin PBXContainerItemProxy section */
		9DF820601B135B5000CCF565 /* PBXContainerItemProxy */ = {
			isa = PBXContainerItemProxy;
			containerPortal = 9DF8203E1B135B5000CCF565 /* Project object */;
			proxyType = 1;
			remoteGlobalIDString = 9DF820451B135B5000CCF565;
			remoteInfo = tabTableView;
		};
/* End PBXContainerItemProxy section */

/* Begin PBXFileReference section */
		9DF820461B135B5000CCF565 /* tabTableView.app */ = {isa = PBXFileReference; explicitFileType = wrapper.application; includeInIndex = 0; path = tabTableView.app; sourceTree = BUILT_PRODUCTS_DIR; };
		9DF8204A1B135B5000CCF565 /* Info.plist */ = {isa = PBXFileReference; lastKnownFileType = text.plist.xml; path = Info.plist; sourceTree = "<group>"; };
		9DF8204B1B135B5000CCF565 /* main.m */ = {isa = PBXFileReference; lastKnownFileType = sourcecode.c.objc; path = main.m; sourceTree = "<group>"; };
		9DF8204D1B135B5000CCF565 /* AppDelegate.h */ = {isa = PBXFileReference; lastKnownFileType = sourcecode.c.h; path = AppDelegate.h; sourceTree = "<group>"; };
		9DF8204E1B135B5000CCF565 /* AppDelegate.m */ = {isa = PBXFileReference; lastKnownFileType = sourcecode.c.objc; path = AppDelegate.m; sourceTree = "<group>"; };
		9DF820501B135B5000CCF565 /* ViewController.h */ = {isa = PBXFileReference; lastKnownFileType = sourcecode.c.h; path = ViewController.h; sourceTree = "<group>"; };
		9DF820511B135B5000CCF565 /* ViewController.m */ = {isa = PBXFileReference; lastKnownFileType = sourcecode.c.objc; path = ViewController.m; sourceTree = "<group>"; };
		9DF820541B135B5000CCF565 /* Base */ = {isa = PBXFileReference; lastKnownFileType = file.storyboard; name = Base; path = Base.lproj/Main.storyboard; sourceTree = "<group>"; };
		9DF820561B135B5000CCF565 /* Images.xcassets */ = {isa = PBXFileReference; lastKnownFileType = folder.assetcatalog; path = Images.xcassets; sourceTree = "<group>"; };
		9DF820591B135B5000CCF565 /* Base */ = {isa = PBXFileReference; lastKnownFileType = file.xib; name = Base; path = Base.lproj/LaunchScreen.xib; sourceTree = "<group>"; };
		9DF8205F1B135B5000CCF565 /* tabTableViewTests.xctest */ = {isa = PBXFileReference; explicitFileType = wrapper.cfbundle; includeInIndex = 0; path = tabTableViewTests.xctest; sourceTree = BUILT_PRODUCTS_DIR; };
		9DF820641B135B5000CCF565 /* Info.plist */ = {isa = PBXFileReference; lastKnownFileType = text.plist.xml; path = Info.plist; sourceTree = "<group>"; };
		9DF820651B135B5000CCF565 /* tabTableViewTests.m */ = {isa = PBXFileReference; lastKnownFileType = sourcecode.c.objc; path = tabTableViewTests.m; sourceTree = "<group>"; };
		9DF8206F1B135B7400CCF565 /* UIView+AutoLayout.h */ = {isa = PBXFileReference; fileEncoding = 4; lastKnownFileType = sourcecode.c.h; path = "UIView+AutoLayout.h"; sourceTree = "<group>"; };
		9DF820701B135B7400CCF565 /* UIView+AutoLayout.m */ = {isa = PBXFileReference; fileEncoding = 4; lastKnownFileType = sourcecode.c.objc; path = "UIView+AutoLayout.m"; sourceTree = "<group>"; };
/* End PBXFileReference section */

/* Begin PBXFrameworksBuildPhase section */
		9DF820431B135B5000CCF565 /* Frameworks */ = {
			isa = PBXFrameworksBuildPhase;
			buildActionMask = 2147483647;
			files = (
			);
			runOnlyForDeploymentPostprocessing = 0;
		};
		9DF8205C1B135B5000CCF565 /* Frameworks */ = {
			isa = PBXFrameworksBuildPhase;
			buildActionMask = 2147483647;
			files = (
			);
			runOnlyForDeploymentPostprocessing = 0;
		};
/* End PBXFrameworksBuildPhase section */

/* Begin PBXGroup section */
		9DF8203D1B135B5000CCF565 = {
			isa = PBXGroup;
			children = (
				9DF820481B135B5000CCF565 /* tabTableView */,
				9DF820621B135B5000CCF565 /* tabTableViewTests */,
				9DF820471B135B5000CCF565 /* Products */,
			);
			sourceTree = "<group>";
		};
		9DF820471B135B5000CCF565 /* Products */ = {
			isa = PBXGroup;
			children = (
				9DF820461B135B5000CCF565 /* tabTableView.app */,
				9DF8205F1B135B5000CCF565 /* tabTableViewTests.xctest */,
			);
			name = Products;
			sourceTree = "<group>";
		};
		9DF820481B135B5000CCF565 /* tabTableView */ = {
			isa = PBXGroup;
			children = (
				9DF8204D1B135B5000CCF565 /* AppDelegate.h */,
				9DF8204E1B135B5000CCF565 /* AppDelegate.m */,
				9DF820501B135B5000CCF565 /* ViewController.h */,
				9DF820511B135B5000CCF565 /* ViewController.m */,
				9DF8206F1B135B7400CCF565 /* UIView+AutoLayout.h */,
				9DF820701B135B7400CCF565 /* UIView+AutoLayout.m */,
				9DF820531B135B5000CCF565 /* Main.storyboard */,
				9DF820561B135B5000CCF565 /* Images.xcassets */,
				9DF820581B135B5000CCF565 /* LaunchScreen.xib */,
				9DF820491B135B5000CCF565 /* Supporting Files */,
			);
			path = tabTableView;
			sourceTree = "<group>";
		};
		9DF820491B135B5000CCF565 /* Supporting Files */ = {
			isa = PBXGroup;
			children = (
				9DF8204A1B135B5000CCF565 /* Info.plist */,
				9DF8204B1B135B5000CCF565 /* main.m */,
			);
			name = "Supporting Files";
			sourceTree = "<group>";
		};
		9DF820621B135B5000CCF565 /* tabTableViewTests */ = {
			isa = PBXGroup;
			children = (
				9DF820651B135B5000CCF565 /* tabTableViewTests.m */,
				9DF820631B135B5000CCF565 /* Supporting Files */,
			);
			path = tabTableViewTests;
			sourceTree = "<group>";
		};
		9DF820631B135B5000CCF565 /* Supporting Files */ = {
			isa = PBXGroup;
			children = (
				9DF820641B135B5000CCF565 /* Info.plist */,
			);
			name = "Supporting Files";
			sourceTree = "<group>";
		};
/* End PBXGroup section */

/* Begin PBXNativeTarget section */
		9DF820451B135B5000CCF565 /* tabTableView */ = {
			isa = PBXNativeTarget;
			buildConfigurationList = 9DF820691B135B5000CCF565 /* Build configuration list for PBXNativeTarget "tabTableView" */;
			buildPhases = (
				9DF820421B135B5000CCF565 /* Sources */,
				9DF820431B135B5000CCF565 /* Frameworks */,
				9DF820441B135B5000CCF565 /* Resources */,
			);
			buildRules = (
			);
			dependencies = (
			);
			name = tabTableView;
			productName = tabTableView;
			productReference = 9DF820461B135B5000CCF565 /* tabTableView.app */;
			productType = "com.apple.product-type.application";
		};
		9DF8205E1B135B5000CCF565 /* tabTableViewTests */ = {
			isa = PBXNativeTarget;
			buildConfigurationList = 9DF8206C1B135B5000CCF565 /* Build configuration list for PBXNativeTarget "tabTableViewTests" */;
			buildPhases = (
				9DF8205B1B135B5000CCF565 /* Sources */,
				9DF8205C1B135B5000CCF565 /* Frameworks */,
				9DF8205D1B135B5000CCF565 /* Resources */,
			);
			buildRules = (
			);
			dependencies = (
				9DF820611B135B5000CCF565 /* PBXTargetDependency */,
			);
			name = tabTableViewTests;
			productName = tabTableViewTests;
			productReference = 9DF8205F1B135B5000CCF565 /* tabTableViewTests.xctest */;
			productType = "com.apple.product-type.bundle.unit-test";
		};
/* End PBXNativeTarget section */

/* Begin PBXProject section */
		9DF8203E1B135B5000CCF565 /* Project object */ = {
			isa = PBXProject;
			attributes = {
				LastUpgradeCheck = 0630;
				ORGANIZATIONNAME = sunyanguo;
				TargetAttributes = {
					9DF820451B135B5000CCF565 = {
						CreatedOnToolsVersion = 6.3.2;
					};
					9DF8205E1B135B5000CCF565 = {
						CreatedOnToolsVersion = 6.3.2;
						TestTargetID = 9DF820451B135B5000CCF565;
					};
				};
			};
			buildConfigurationList = 9DF820411B135B5000CCF565 /* Build configuration list for PBXProject "tabTableView" */;
			compatibilityVersion = "Xcode 3.2";
			developmentRegion = English;
			hasScannedForEncodings = 0;
			knownRegions = (
				en,
				Base,
			);
			mainGroup = 9DF8203D1B135B5000CCF565;
			productRefGroup = 9DF820471B135B5000CCF565 /* Products */;
			projectDirPath = "";
			projectRoot = "";
			targets = (
				9DF820451B135B5000CCF565 /* tabTableView */,
				9DF8205E1B135B5000CCF565 /* tabTableViewTests */,
			);
		};
/* End PBXProject section */

/* Begin PBXResourcesBuildPhase section */
		9DF820441B135B5000CCF565 /* Resources */ = {
			isa = PBXResourcesBuildPhase;
			buildActionMask = 2147483647;
			files = (
				9DF820551B135B5000CCF565 /* Main.storyboard in Resources */,
				9DF8205A1B135B5000CCF565 /* LaunchScreen.xib in Resources */,
				9DF820571B135B5000CCF565 /* Images.xcassets in Resources */,
			);
			runOnlyForDeploymentPostprocessing = 0;
		};
		9DF8205D1B135B5000CCF565 /* Resources */ = {
			isa = PBXResourcesBuildPhase;
			buildActionMask = 2147483647;
			files = (
			);
			runOnlyForDeploymentPostprocessing = 0;
		};
/* End PBXResourcesBuildPhase section */

/* Begin PBXSourcesBuildPhase section */
		9DF820421B135B5000CCF565 /* Sources */ = {
			isa = PBXSourcesBuildPhase;
			buildActionMask = 2147483647;
			files = (
				9DF820521B135B5000CCF565 /* ViewController.m in Sources */,
				9DF820711B135B7400CCF565 /* UIView+AutoLayout.m in Sources */,
				9DF8204F1B135B5000CCF565 /* AppDelegate.m in Sources */,
				9DF8204C1B135B5000CCF565 /* main.m in Sources */,
			);
			runOnlyForDeploymentPostprocessing = 0;
		};
		9DF8205B1B135B5000CCF565 /* Sources */ = {
			isa = PBXSourcesBuildPhase;
			buildActionMask = 2147483647;
			files = (
				9DF820661B135B5000CCF565 /* tabTableViewTests.m in Sources */,
			);
			runOnlyForDeploymentPostprocessing = 0;
		};
/* End PBXSourcesBuildPhase section */

/* Begin PBXTargetDependency section */
		9DF820611B135B5000CCF565 /* PBXTargetDependency */ = {
			isa = PBXTargetDependency;
			target = 9DF820451B135B5000CCF565 /* tabTableView */;
			targetProxy = 9DF820601B135B5000CCF565 /* PBXContainerItemProxy */;
		};
/* End PBXTargetDependency section */

/* Begin PBXVariantGroup section */
		9DF820531B135B5000CCF565 /* Main.storyboard */ = {
			isa = PBXVariantGroup;
			children = (
				9DF820541B135B5000CCF565 /* Base */,
			);
			name = Main.storyboard;
			sourceTree = "<group>";
		};
		9DF820581B135B5000CCF565 /* LaunchScreen.xib */ = {
			isa = PBXVariantGroup;
			children = (
				9DF820591B135B5000CCF565 /* Base */,
			);
			name = LaunchScreen.xib;
			sourceTree = "<group>";
		};
/* End PBXVariantGroup section */

/* Begin XCBuildConfiguration section */
		9DF820671B135B5000CCF565 /* Debug */ = {
			isa = XCBuildConfiguration;
			buildSettings = {
				ALWAYS_SEARCH_USER_PATHS = NO;
				CLANG_CXX_LANGUAGE_STANDARD = "gnu++0x";
				CLANG_CXX_LIBRARY = "libc++";
				CLANG_ENABLE_MODULES = YES;
				CLANG_ENABLE_OBJC_ARC = YES;
				CLANG_WARN_BOOL_CONVERSION = YES;
				CLANG_WARN_CONSTANT_CONVERSION = YES;
				CLANG_WARN_DIRECT_OBJC_ISA_USAGE = YES_ERROR;
				CLANG_WARN_EMPTY_BODY = YES;
				CLANG_WARN_ENUM_CONVERSION = YES;
				CLANG_WARN_INT_CONVERSION = YES;
				CLANG_WARN_OBJC_ROOT_CLASS = YES_ERROR;
				CLANG_WARN_UNREACHABLE_CODE = YES;
				CLANG_WARN__DUPLICATE_METHOD_MATCH = YES;
				"CODE_SIGN_IDENTITY[sdk=iphoneos*]" = "iPhone Developer";
				COPY_PHASE_STRIP = NO;
				DEBUG_INFORMATION_FORMAT = "dwarf-with-dsym";
				ENABLE_STRICT_OBJC_MSGSEND = YES;
				GCC_C_LANGUAGE_STANDARD = gnu99;
				GCC_DYNAMIC_NO_PIC = NO;
				GCC_NO_COMMON_BLOCKS = YES;
				GCC_OPTIMIZATION_LEVEL = 0;
				GCC_PREPROCESSOR_DEFINITIONS = (
					"DEBUG=1",
					"$(inherited)",
				);
				GCC_SYMBOLS_PRIVATE_EXTERN = NO;
				GCC_WARN_64_TO_32_BIT_CONVERSION = YES;
				GCC_WARN_ABOUT_RETURN_TYPE = YES_ERROR;
				GCC_WARN_UNDECLARED_SELECTOR = YES;
				GCC_WARN_UNINITIALIZED_AUTOS = YES_AGGRESSIVE;
				GCC_WARN_UNUSED_FUNCTION = YES;
				GCC_WARN_UNUSED_VARIABLE = YES;
				IPHONEOS_DEPLOYMENT_TARGET = 8.3;
				MTL_ENABLE_DEBUG_INFO = YES;
				ONLY_ACTIVE_ARCH = YES;
				SDKROOT = iphoneos;
			};
			name = Debug;
		};
		9DF820681B135B5000CCF565 /* Release */ = {
			isa = XCBuildConfiguration;
			buildSettings = {
				ALWAYS_SEARCH_USER_PATHS = NO;
				CLANG_CXX_LANGUAGE_STANDARD = "gnu++0x";
				CLANG_CXX_LIBRARY = "libc++";
				CLANG_ENABLE_MODULES = YES;
				CLANG_ENABLE_OBJC_ARC = YES;
				CLANG_WARN_BOOL_CONVERSION = YES;
				CLANG_WARN_CONSTANT_CONVERSION = YES;
				CLANG_WARN_DIRECT_OBJC_ISA_USAGE = YES_ERROR;
				CLANG_WARN_EMPTY_BODY = YES;
				CLANG_WARN_ENUM_CONVERSION = YES;
				CLANG_WARN_INT_CONVERSION = YES;
				CLANG_WARN_OBJC_ROOT_CLASS = YES_ERROR;
				CLANG_WARN_UNREACHABLE_CODE = YES;
				CLANG_WARN__DUPLICATE_METHOD_MATCH = YES;
				"CODE_SIGN_IDENTITY[sdk=iphoneos*]" = "iPhone Developer";
				COPY_PHASE_STRIP = NO;
				DEBUG_INFORMATION_FORMAT = "dwarf-with-dsym";
				ENABLE_NS_ASSERTIONS = NO;
				ENABLE_STRICT_OBJC_MSGSEND = YES;
				GCC_C_LANGUAGE_STANDARD = gnu99;
				GCC_NO_COMMON_BLOCKS = YES;
				GCC_WARN_64_TO_32_BIT_CONVERSION = YES;
				GCC_WARN_ABOUT_RETURN_TYPE = YES_ERROR;
				GCC_WARN_UNDECLARED_SELECTOR = YES;
				GCC_WARN_UNINITIALIZED_AUTOS = YES_AGGRESSIVE;
				GCC_WARN_UNUSED_FUNCTION = YES;
				GCC_WARN_UNUSED_VARIABLE = YES;
				IPHONEOS_DEPLOYMENT_TARGET = 8.3;
				MTL_ENABLE_DEBUG_INFO = NO;
				SDKROOT = iphoneos;
				VALIDATE_PRODUCT = YES;
			};
			name = Release;
		};
		9DF8206A1B135B5000CCF565 /* Debug */ = {
			isa = XCBuildConfiguration;
			buildSettings = {
				ASSETCATALOG_COMPILER_APPICON_NAME = AppIcon;
				INFOPLIST_FILE = tabTableView/Info.plist;
				LD_RUNPATH_SEARCH_PATHS = "$(inherited) @executable_path/Frameworks";
				PRODUCT_NAME = "$(TARGET_NAME)";
			};
			name = Debug;
		};
		9DF8206B1B135B5000CCF565 /* Release */ = {
			isa = XCBuildConfiguration;
			buildSettings = {
				ASSETCATALOG_COMPILER_APPICON_NAME = AppIcon;
				INFOPLIST_FILE = tabTableView/Info.plist;
				LD_RUNPATH_SEARCH_PATHS = "$(inherited) @executable_path/Frameworks";
				PRODUCT_NAME = "$(TARGET_NAME)";
			};
			name = Release;
		};
		9DF8206D1B135B5000CCF565 /* Debug */ = {
			isa = XCBuildConfiguration;
			buildSettings = {
				BUNDLE_LOADER = "$(TEST_HOST)";
				FRAMEWORK_SEARCH_PATHS = (
					"$(SDKROOT)/Developer/Library/Frameworks",
					"$(inherited)",
				);
				GCC_PREPROCESSOR_DEFINITIONS = (
					"DEBUG=1",
					"$(inherited)",
				);
				INFOPLIST_FILE = tabTableViewTests/Info.plist;
				LD_RUNPATH_SEARCH_PATHS = "$(inherited) @executable_path/Frameworks @loader_path/Frameworks";
				PRODUCT_NAME = "$(TARGET_NAME)";
				TEST_HOST = "$(BUILT_PRODUCTS_DIR)/tabTableView.app/tabTableView";
			};
			name = Debug;
		};
		9DF8206E1B135B5000CCF565 /* Release */ = {
			isa = XCBuildConfiguration;
			buildSettings = {
				BUNDLE_LOADER = "$(TEST_HOST)";
				FRAMEWORK_SEARCH_PATHS = (
					"$(SDKROOT)/Developer/Library/Frameworks",
					"$(inherited)",
				);
				INFOPLIST_FILE = tabTableViewTests/Info.plist;
				LD_RUNPATH_SEARCH_PATHS = "$(inherited) @executable_path/Frameworks @loader_path/Frameworks";
				PRODUCT_NAME = "$(TARGET_NAME)";
				TEST_HOST = "$(BUILT_PRODUCTS_DIR)/tabTableView.app/tabTableView";
			};
			name = Release;
		};
/* End XCBuildConfiguration section */

/* Begin XCConfigurationList section */
		9DF820411B135B5000CCF565 /* Build configuration list for PBXProject "tabTableView" */ = {
			isa = XCConfigurationList;
			buildConfigurations = (
				9DF820671B135B5000CCF565 /* Debug */,
				9DF820681B135B5000CCF565 /* Release */,
			);
			defaultConfigurationIsVisible = 0;
			defaultConfigurationName = Release;
		};
		9DF820691B135B5000CCF565 /* Build configuration list for PBXNativeTarget "tabTableView" */ = {
			isa = XCConfigurationList;
			buildConfigurations = (
				9DF8206A1B135B5000CCF565 /* Debug */,
				9DF8206B1B135B5000CCF565 /* Release */,
			);
			defaultConfigurationIsVisible = 0;
		};
		9DF8206C1B135B5000CCF565 /* Build configuration list for PBXNativeTarget "tabTableViewTests" */ = {
			isa = XCConfigurationList;
			buildConfigurations = (
				9DF8206D1B135B5000CCF565 /* Debug */,
				9DF8206E1B135B5000CCF565 /* Release */,
			);
			defaultConfigurationIsVisible = 0;
		};
/* End XCConfigurationList section */
	};
	rootObject = 9DF8203E1B135B5000CCF565 /* Project object */;
}
